// !$*UTF8*$!
{
	archiveVersion = 1;
	classes = {
	};
	objectVersion = 46;
	objects = {

/* Begin PBXBuildFile section */
		620D3FF61BBA930200751D86 /* GlidersViewController.swift in Sources */ = {isa = PBXBuildFile; fileRef = 620D3FF51BBA930200751D86 /* GlidersViewController.swift */; settings = {ASSET_TAGS = (); }; };
		626D23571BBA696C0055D8FC /* AppDelegate.swift in Sources */ = {isa = PBXBuildFile; fileRef = 626D23561BBA696C0055D8FC /* AppDelegate.swift */; };
		626D236C1BBA696C0055D8FC /* MaintenanceTests.swift in Sources */ = {isa = PBXBuildFile; fileRef = 626D236B1BBA696C0055D8FC /* MaintenanceTests.swift */; };
		626D23771BBA696C0055D8FC /* MaintenanceUITests.swift in Sources */ = {isa = PBXBuildFile; fileRef = 626D23761BBA696C0055D8FC /* MaintenanceUITests.swift */; };
		626D23871BBA69B50055D8FC /* Images.xcassets in Resources */ = {isa = PBXBuildFile; fileRef = 626D23861BBA69B50055D8FC /* Images.xcassets */; settings = {ASSET_TAGS = (); }; };
		626D23891BBA69C20055D8FC /* Launch Screen.storyboard in Resources */ = {isa = PBXBuildFile; fileRef = 626D23881BBA69C20055D8FC /* Launch Screen.storyboard */; settings = {ASSET_TAGS = (); }; };
		626D238E1BBA6F0E0055D8FC /* Login.storyboard in Resources */ = {isa = PBXBuildFile; fileRef = 626D238D1BBA6F0E0055D8FC /* Login.storyboard */; settings = {ASSET_TAGS = (); }; };
		626D23901BBA6F200055D8FC /* LoginViewController.swift in Sources */ = {isa = PBXBuildFile; fileRef = 626D238F1BBA6F200055D8FC /* LoginViewController.swift */; settings = {ASSET_TAGS = (); }; };
		626D23931BBA72690055D8FC /* SBWebService.swift in Sources */ = {isa = PBXBuildFile; fileRef = 626D23921BBA72690055D8FC /* SBWebService.swift */; settings = {ASSET_TAGS = (); }; };
		626D23951BBA73200055D8FC /* SBConfiguration.swift in Sources */ = {isa = PBXBuildFile; fileRef = 626D23941BBA73200055D8FC /* SBConfiguration.swift */; settings = {ASSET_TAGS = (); }; };
		626D23971BBA7E290055D8FC /* SBKeychain.swift in Sources */ = {isa = PBXBuildFile; fileRef = 626D23961BBA7E290055D8FC /* SBKeychain.swift */; settings = {ASSET_TAGS = (); }; };
		626D239E1BBA8D640055D8FC /* UIAlertController+Errors.swift in Sources */ = {isa = PBXBuildFile; fileRef = 626D239D1BBA8D640055D8FC /* UIAlertController+Errors.swift */; settings = {ASSET_TAGS = (); }; };
		626D23A01BBA8F200055D8FC /* CommonMacros.swift in Sources */ = {isa = PBXBuildFile; fileRef = 626D239F1BBA8F200055D8FC /* CommonMacros.swift */; settings = {ASSET_TAGS = (); }; };
		626D23A31BBA901E0055D8FC /* Gliders.storyboard in Resources */ = {isa = PBXBuildFile; fileRef = 626D23A21BBA901E0055D8FC /* Gliders.storyboard */; settings = {ASSET_TAGS = (); }; };
		A9DC59F91BA47B078BBE4B10 /* Pods.framework in Frameworks */ = {isa = PBXBuildFile; fileRef = AC19AA8EFBEA7923232DB0EF /* Pods.framework */; settings = {ATTRIBUTES = (Weak, ); }; };
/* End PBXBuildFile section */

/* Begin PBXContainerItemProxy section */
		626D23681BBA696C0055D8FC /* PBXContainerItemProxy */ = {
			isa = PBXContainerItemProxy;
			containerPortal = 626D234B1BBA696C0055D8FC /* Project object */;
			proxyType = 1;
			remoteGlobalIDString = 626D23521BBA696C0055D8FC;
			remoteInfo = Maintenance;
		};
		626D23731BBA696C0055D8FC /* PBXContainerItemProxy */ = {
			isa = PBXContainerItemProxy;
			containerPortal = 626D234B1BBA696C0055D8FC /* Project object */;
			proxyType = 1;
			remoteGlobalIDString = 626D23521BBA696C0055D8FC;
			remoteInfo = Maintenance;
		};
/* End PBXContainerItemProxy section */

/* Begin PBXFileReference section */
		620D3FF51BBA930200751D86 /* GlidersViewController.swift */ = {isa = PBXFileReference; fileEncoding = 4; lastKnownFileType = sourcecode.swift; path = GlidersViewController.swift; sourceTree = "<group>"; };
		626D23531BBA696C0055D8FC /* Maintenance.app */ = {isa = PBXFileReference; explicitFileType = wrapper.application; includeInIndex = 0; path = Maintenance.app; sourceTree = BUILT_PRODUCTS_DIR; };
		626D23561BBA696C0055D8FC /* AppDelegate.swift */ = {isa = PBXFileReference; lastKnownFileType = sourcecode.swift; path = AppDelegate.swift; sourceTree = "<group>"; };
		626D23621BBA696C0055D8FC /* Info.plist */ = {isa = PBXFileReference; lastKnownFileType = text.plist.xml; path = Info.plist; sourceTree = "<group>"; };
		626D23671BBA696C0055D8FC /* MaintenanceTests.xctest */ = {isa = PBXFileReference; explicitFileType = wrapper.cfbundle; includeInIndex = 0; path = MaintenanceTests.xctest; sourceTree = BUILT_PRODUCTS_DIR; };
		626D236B1BBA696C0055D8FC /* MaintenanceTests.swift */ = {isa = PBXFileReference; lastKnownFileType = sourcecode.swift; path = MaintenanceTests.swift; sourceTree = "<group>"; };
		626D236D1BBA696C0055D8FC /* Info.plist */ = {isa = PBXFileReference; lastKnownFileType = text.plist.xml; path = Info.plist; sourceTree = "<group>"; };
		626D23721BBA696C0055D8FC /* MaintenanceUITests.xctest */ = {isa = PBXFileReference; explicitFileType = wrapper.cfbundle; includeInIndex = 0; path = MaintenanceUITests.xctest; sourceTree = BUILT_PRODUCTS_DIR; };
		626D23761BBA696C0055D8FC /* MaintenanceUITests.swift */ = {isa = PBXFileReference; lastKnownFileType = sourcecode.swift; path = MaintenanceUITests.swift; sourceTree = "<group>"; };
		626D23781BBA696C0055D8FC /* Info.plist */ = {isa = PBXFileReference; lastKnownFileType = text.plist.xml; path = Info.plist; sourceTree = "<group>"; };
		626D23861BBA69B50055D8FC /* Images.xcassets */ = {isa = PBXFileReference; lastKnownFileType = folder.assetcatalog; path = Images.xcassets; sourceTree = "<group>"; };
		626D23881BBA69C20055D8FC /* Launch Screen.storyboard */ = {isa = PBXFileReference; fileEncoding = 4; lastKnownFileType = file.storyboard; path = "Launch Screen.storyboard"; sourceTree = "<group>"; };
		626D238D1BBA6F0E0055D8FC /* Login.storyboard */ = {isa = PBXFileReference; fileEncoding = 4; lastKnownFileType = file.storyboard; path = Login.storyboard; sourceTree = "<group>"; };
		626D238F1BBA6F200055D8FC /* LoginViewController.swift */ = {isa = PBXFileReference; fileEncoding = 4; lastKnownFileType = sourcecode.swift; path = LoginViewController.swift; sourceTree = "<group>"; };
		626D23921BBA72690055D8FC /* SBWebService.swift */ = {isa = PBXFileReference; fileEncoding = 4; lastKnownFileType = sourcecode.swift; path = SBWebService.swift; sourceTree = "<group>"; };
		626D23941BBA73200055D8FC /* SBConfiguration.swift */ = {isa = PBXFileReference; fileEncoding = 4; lastKnownFileType = sourcecode.swift; path = SBConfiguration.swift; sourceTree = "<group>"; };
		626D23961BBA7E290055D8FC /* SBKeychain.swift */ = {isa = PBXFileReference; fileEncoding = 4; lastKnownFileType = sourcecode.swift; path = SBKeychain.swift; sourceTree = "<group>"; };
		626D239D1BBA8D640055D8FC /* UIAlertController+Errors.swift */ = {isa = PBXFileReference; fileEncoding = 4; lastKnownFileType = sourcecode.swift; path = "UIAlertController+Errors.swift"; sourceTree = "<group>"; };
		626D239F1BBA8F200055D8FC /* CommonMacros.swift */ = {isa = PBXFileReference; fileEncoding = 4; lastKnownFileType = sourcecode.swift; path = CommonMacros.swift; sourceTree = "<group>"; };
		626D23A21BBA901E0055D8FC /* Gliders.storyboard */ = {isa = PBXFileReference; fileEncoding = 4; lastKnownFileType = file.storyboard; path = Gliders.storyboard; sourceTree = "<group>"; };
		715AF96366F6ED140963E8C0 /* Pods.release.xcconfig */ = {isa = PBXFileReference; includeInIndex = 1; lastKnownFileType = text.xcconfig; name = Pods.release.xcconfig; path = "Pods/Target Support Files/Pods/Pods.release.xcconfig"; sourceTree = "<group>"; };
		A0D323FDE768EF7AD7A9CD42 /* Pods.debug.xcconfig */ = {isa = PBXFileReference; includeInIndex = 1; lastKnownFileType = text.xcconfig; name = Pods.debug.xcconfig; path = "Pods/Target Support Files/Pods/Pods.debug.xcconfig"; sourceTree = "<group>"; };
		AC19AA8EFBEA7923232DB0EF /* Pods.framework */ = {isa = PBXFileReference; explicitFileType = wrapper.framework; includeInIndex = 0; path = Pods.framework; sourceTree = BUILT_PRODUCTS_DIR; };
/* End PBXFileReference section */

/* Begin PBXFrameworksBuildPhase section */
		626D23501BBA696C0055D8FC /* Frameworks */ = {
			isa = PBXFrameworksBuildPhase;
			buildActionMask = 2147483647;
			files = (
				A9DC59F91BA47B078BBE4B10 /* Pods.framework in Frameworks */,
			);
			runOnlyForDeploymentPostprocessing = 0;
		};
		626D23641BBA696C0055D8FC /* Frameworks */ = {
			isa = PBXFrameworksBuildPhase;
			buildActionMask = 2147483647;
			files = (
			);
			runOnlyForDeploymentPostprocessing = 0;
		};
		626D236F1BBA696C0055D8FC /* Frameworks */ = {
			isa = PBXFrameworksBuildPhase;
			buildActionMask = 2147483647;
			files = (
			);
			runOnlyForDeploymentPostprocessing = 0;
		};
/* End PBXFrameworksBuildPhase section */

/* Begin PBXGroup section */
		00D9145E98BCAC1F7C60EA90 /* Frameworks */ = {
			isa = PBXGroup;
			children = (
				AC19AA8EFBEA7923232DB0EF /* Pods.framework */,
			);
			name = Frameworks;
			sourceTree = "<group>";
		};
		0849EF3C681534567BD45BB6 /* Pods */ = {
			isa = PBXGroup;
			children = (
				A0D323FDE768EF7AD7A9CD42 /* Pods.debug.xcconfig */,
				715AF96366F6ED140963E8C0 /* Pods.release.xcconfig */,
			);
			name = Pods;
			sourceTree = "<group>";
		};
		626D234A1BBA696C0055D8FC = {
			isa = PBXGroup;
			children = (
				626D23551BBA696C0055D8FC /* Maintenance */,
				626D236A1BBA696C0055D8FC /* MaintenanceTests */,
				626D23751BBA696C0055D8FC /* MaintenanceUITests */,
				626D23541BBA696C0055D8FC /* Products */,
				0849EF3C681534567BD45BB6 /* Pods */,
				00D9145E98BCAC1F7C60EA90 /* Frameworks */,
			);
			sourceTree = "<group>";
		};
		626D23541BBA696C0055D8FC /* Products */ = {
			isa = PBXGroup;
			children = (
				626D23531BBA696C0055D8FC /* Maintenance.app */,
				626D23671BBA696C0055D8FC /* MaintenanceTests.xctest */,
				626D23721BBA696C0055D8FC /* MaintenanceUITests.xctest */,
			);
			name = Products;
			sourceTree = "<group>";
		};
		626D23551BBA696C0055D8FC /* Maintenance */ = {
			isa = PBXGroup;
			children = (
				626D23561BBA696C0055D8FC /* AppDelegate.swift */,
				626D23621BBA696C0055D8FC /* Info.plist */,
				626D239B1BBA8D510055D8FC /* Components */,
				626D23841BBA69A90055D8FC /* Modules */,
				626D23911BBA72350055D8FC /* Services */,
				626D23851BBA69A90055D8FC /* UI */,
			);
			path = Maintenance;
			sourceTree = "<group>";
		};
		626D236A1BBA696C0055D8FC /* MaintenanceTests */ = {
			isa = PBXGroup;
			children = (
				626D236B1BBA696C0055D8FC /* MaintenanceTests.swift */,
				626D236D1BBA696C0055D8FC /* Info.plist */,
			);
			path = MaintenanceTests;
			sourceTree = "<group>";
		};
		626D23751BBA696C0055D8FC /* MaintenanceUITests */ = {
			isa = PBXGroup;
			children = (
				626D23761BBA696C0055D8FC /* MaintenanceUITests.swift */,
				626D23781BBA696C0055D8FC /* Info.plist */,
			);
			path = MaintenanceUITests;
			sourceTree = "<group>";
		};
		626D23841BBA69A90055D8FC /* Modules */ = {
			isa = PBXGroup;
			children = (
				626D23A11BBA90140055D8FC /* Gliders */,
				626D238C1BBA6F0E0055D8FC /* Login */,
			);
			path = Modules;
			sourceTree = "<group>";
		};
		626D23851BBA69A90055D8FC /* UI */ = {
			isa = PBXGroup;
			children = (
				626D23861BBA69B50055D8FC /* Images.xcassets */,
				626D23881BBA69C20055D8FC /* Launch Screen.storyboard */,
			);
			path = UI;
			sourceTree = "<group>";
		};
		626D238C1BBA6F0E0055D8FC /* Login */ = {
			isa = PBXGroup;
			children = (
				626D238D1BBA6F0E0055D8FC /* Login.storyboard */,
				626D238F1BBA6F200055D8FC /* LoginViewController.swift */,
			);
			path = Login;
			sourceTree = "<group>";
		};
		626D23911BBA72350055D8FC /* Services */ = {
			isa = PBXGroup;
			children = (
				626D23941BBA73200055D8FC /* SBConfiguration.swift */,
				626D23961BBA7E290055D8FC /* SBKeychain.swift */,
				626D23921BBA72690055D8FC /* SBWebService.swift */,
			);
			path = Services;
			sourceTree = "<group>";
		};
		626D239B1BBA8D510055D8FC /* Components */ = {
			isa = PBXGroup;
			children = (
				626D239F1BBA8F200055D8FC /* CommonMacros.swift */,
				626D239C1BBA8D510055D8FC /* Controllers */,
			);
			path = Components;
			sourceTree = "<group>";
		};
		626D239C1BBA8D510055D8FC /* Controllers */ = {
			isa = PBXGroup;
			children = (
				626D239D1BBA8D640055D8FC /* UIAlertController+Errors.swift */,
			);
			path = Controllers;
			sourceTree = "<group>";
		};
		626D23A11BBA90140055D8FC /* Gliders */ = {
			isa = PBXGroup;
			children = (
				626D23A21BBA901E0055D8FC /* Gliders.storyboard */,
				620D3FF51BBA930200751D86 /* GlidersViewController.swift */,
			);
			path = Gliders;
			sourceTree = "<group>";
		};
/* End PBXGroup section */

/* Begin PBXNativeTarget section */
		626D23521BBA696C0055D8FC /* Maintenance */ = {
			isa = PBXNativeTarget;
			buildConfigurationList = 626D237B1BBA696C0055D8FC /* Build configuration list for PBXNativeTarget "Maintenance" */;
			buildPhases = (
				77FFAE9F368C61C3D4194549 /* Check Pods Manifest.lock */,
				626D234F1BBA696C0055D8FC /* Sources */,
				626D23501BBA696C0055D8FC /* Frameworks */,
				626D23511BBA696C0055D8FC /* Resources */,
				F3DE284F1FBF3EE700B64129 /* Embed Pods Frameworks */,
				567A562B201D2C9B0AABB5DC /* Copy Pods Resources */,
				626D239A1BBA859F0055D8FC /* ShellScript */,
			);
			buildRules = (
			);
			dependencies = (
			);
			name = Maintenance;
			productName = Maintenance;
			productReference = 626D23531BBA696C0055D8FC /* Maintenance.app */;
			productType = "com.apple.product-type.application";
		};
		626D23661BBA696C0055D8FC /* MaintenanceTests */ = {
			isa = PBXNativeTarget;
			buildConfigurationList = 626D237E1BBA696C0055D8FC /* Build configuration list for PBXNativeTarget "MaintenanceTests" */;
			buildPhases = (
				626D23631BBA696C0055D8FC /* Sources */,
				626D23641BBA696C0055D8FC /* Frameworks */,
				626D23651BBA696C0055D8FC /* Resources */,
			);
			buildRules = (
			);
			dependencies = (
				626D23691BBA696C0055D8FC /* PBXTargetDependency */,
			);
			name = MaintenanceTests;
			productName = MaintenanceTests;
			productReference = 626D23671BBA696C0055D8FC /* MaintenanceTests.xctest */;
			productType = "com.apple.product-type.bundle.unit-test";
		};
		626D23711BBA696C0055D8FC /* MaintenanceUITests */ = {
			isa = PBXNativeTarget;
			buildConfigurationList = 626D23811BBA696C0055D8FC /* Build configuration list for PBXNativeTarget "MaintenanceUITests" */;
			buildPhases = (
				626D236E1BBA696C0055D8FC /* Sources */,
				626D236F1BBA696C0055D8FC /* Frameworks */,
				626D23701BBA696C0055D8FC /* Resources */,
			);
			buildRules = (
			);
			dependencies = (
				626D23741BBA696C0055D8FC /* PBXTargetDependency */,
			);
			name = MaintenanceUITests;
			productName = MaintenanceUITests;
			productReference = 626D23721BBA696C0055D8FC /* MaintenanceUITests.xctest */;
			productType = "com.apple.product-type.bundle.ui-testing";
		};
/* End PBXNativeTarget section */

/* Begin PBXProject section */
		626D234B1BBA696C0055D8FC /* Project object */ = {
			isa = PBXProject;
			attributes = {
				LastUpgradeCheck = 0700;
				ORGANIZATIONNAME = "Soaring Book";
				TargetAttributes = {
					626D23521BBA696C0055D8FC = {
						CreatedOnToolsVersion = 7.0.1;
					};
					626D23661BBA696C0055D8FC = {
						CreatedOnToolsVersion = 7.0.1;
						TestTargetID = 626D23521BBA696C0055D8FC;
					};
					626D23711BBA696C0055D8FC = {
						CreatedOnToolsVersion = 7.0.1;
						TestTargetID = 626D23521BBA696C0055D8FC;
					};
				};
			};
			buildConfigurationList = 626D234E1BBA696C0055D8FC /* Build configuration list for PBXProject "Maintenance" */;
			compatibilityVersion = "Xcode 3.2";
			developmentRegion = English;
			hasScannedForEncodings = 0;
			knownRegions = (
				en,
				Base,
			);
			mainGroup = 626D234A1BBA696C0055D8FC;
			productRefGroup = 626D23541BBA696C0055D8FC /* Products */;
			projectDirPath = "";
			projectRoot = "";
			targets = (
				626D23521BBA696C0055D8FC /* Maintenance */,
				626D23661BBA696C0055D8FC /* MaintenanceTests */,
				626D23711BBA696C0055D8FC /* MaintenanceUITests */,
			);
		};
/* End PBXProject section */

/* Begin PBXResourcesBuildPhase section */
		626D23511BBA696C0055D8FC /* Resources */ = {
			isa = PBXResourcesBuildPhase;
			buildActionMask = 2147483647;
			files = (
				626D23891BBA69C20055D8FC /* Launch Screen.storyboard in Resources */,
				626D23871BBA69B50055D8FC /* Images.xcassets in Resources */,
				626D238E1BBA6F0E0055D8FC /* Login.storyboard in Resources */,
				626D23A31BBA901E0055D8FC /* Gliders.storyboard in Resources */,
			);
			runOnlyForDeploymentPostprocessing = 0;
		};
		626D23651BBA696C0055D8FC /* Resources */ = {
			isa = PBXResourcesBuildPhase;
			buildActionMask = 2147483647;
			files = (
			);
			runOnlyForDeploymentPostprocessing = 0;
		};
		626D23701BBA696C0055D8FC /* Resources */ = {
			isa = PBXResourcesBuildPhase;
			buildActionMask = 2147483647;
			files = (
			);
			runOnlyForDeploymentPostprocessing = 0;
		};
/* End PBXResourcesBuildPhase section */

/* Begin PBXShellScriptBuildPhase section */
		567A562B201D2C9B0AABB5DC /* Copy Pods Resources */ = {
			isa = PBXShellScriptBuildPhase;
			buildActionMask = 2147483647;
			files = (
			);
			inputPaths = (
			);
			name = "Copy Pods Resources";
			outputPaths = (
			);
			runOnlyForDeploymentPostprocessing = 0;
			shellPath = /bin/sh;
			shellScript = "\"${SRCROOT}/Pods/Target Support Files/Pods/Pods-resources.sh\"\n";
			showEnvVarsInLog = 0;
		};
		626D239A1BBA859F0055D8FC /* ShellScript */ = {
			isa = PBXShellScriptBuildPhase;
			buildActionMask = 2147483647;
			files = (
			);
			inputPaths = (
			);
			outputPaths = (
			);
			runOnlyForDeploymentPostprocessing = 0;
			shellPath = /bin/sh;
			shellScript = ./scripts/load_env.rb;
		};
		77FFAE9F368C61C3D4194549 /* Check Pods Manifest.lock */ = {
			isa = PBXShellScriptBuildPhase;
			buildActionMask = 2147483647;
			files = (
			);
			inputPaths = (
			);
			name = "Check Pods Manifest.lock";
			outputPaths = (
			);
			runOnlyForDeploymentPostprocessing = 0;
			shellPath = /bin/sh;
			shellScript = "diff \"${PODS_ROOT}/../Podfile.lock\" \"${PODS_ROOT}/Manifest.lock\" > /dev/null\nif [[ $? != 0 ]] ; then\n    cat << EOM\nerror: The sandbox is not in sync with the Podfile.lock. Run 'pod install' or update your CocoaPods installation.\nEOM\n    exit 1\nfi\n";
			showEnvVarsInLog = 0;
		};
		F3DE284F1FBF3EE700B64129 /* Embed Pods Frameworks */ = {
			isa = PBXShellScriptBuildPhase;
			buildActionMask = 2147483647;
			files = (
			);
			inputPaths = (
			);
			name = "Embed Pods Frameworks";
			outputPaths = (
			);
			runOnlyForDeploymentPostprocessing = 0;
			shellPath = /bin/sh;
			shellScript = "\"${SRCROOT}/Pods/Target Support Files/Pods/Pods-frameworks.sh\"\n";
			showEnvVarsInLog = 0;
		};
/* End PBXShellScriptBuildPhase section */

/* Begin PBXSourcesBuildPhase section */
		626D234F1BBA696C0055D8FC /* Sources */ = {
			isa = PBXSourcesBuildPhase;
			buildActionMask = 2147483647;
			files = (
				626D23931BBA72690055D8FC /* SBWebService.swift in Sources */,
				626D23951BBA73200055D8FC /* SBConfiguration.swift in Sources */,
				626D23901BBA6F200055D8FC /* LoginViewController.swift in Sources */,
				626D23971BBA7E290055D8FC /* SBKeychain.swift in Sources */,
				626D23571BBA696C0055D8FC /* AppDelegate.swift in Sources */,
				626D23A01BBA8F200055D8FC /* CommonMacros.swift in Sources */,
				626D239E1BBA8D640055D8FC /* UIAlertController+Errors.swift in Sources */,
				620D3FF61BBA930200751D86 /* GlidersViewController.swift in Sources */,
			);
			runOnlyForDeploymentPostprocessing = 0;
		};
		626D23631BBA696C0055D8FC /* Sources */ = {
			isa = PBXSourcesBuildPhase;
			buildActionMask = 2147483647;
			files = (
				626D236C1BBA696C0055D8FC /* MaintenanceTests.swift in Sources */,
			);
			runOnlyForDeploymentPostprocessing = 0;
		};
		626D236E1BBA696C0055D8FC /* Sources */ = {
			isa = PBXSourcesBuildPhase;
			buildActionMask = 2147483647;
			files = (
				626D23771BBA696C0055D8FC /* MaintenanceUITests.swift in Sources */,
			);
			runOnlyForDeploymentPostprocessing = 0;
		};
/* End PBXSourcesBuildPhase section */

/* Begin PBXTargetDependency section */
		626D23691BBA696C0055D8FC /* PBXTargetDependency */ = {
			isa = PBXTargetDependency;
			target = 626D23521BBA696C0055D8FC /* Maintenance */;
			targetProxy = 626D23681BBA696C0055D8FC /* PBXContainerItemProxy */;
		};
		626D23741BBA696C0055D8FC /* PBXTargetDependency */ = {
			isa = PBXTargetDependency;
			target = 626D23521BBA696C0055D8FC /* Maintenance */;
			targetProxy = 626D23731BBA696C0055D8FC /* PBXContainerItemProxy */;
		};
/* End PBXTargetDependency section */

/* Begin XCBuildConfiguration section */
		626D23791BBA696C0055D8FC /* Debug */ = {
			isa = XCBuildConfiguration;
			buildSettings = {
				ALWAYS_SEARCH_USER_PATHS = NO;
				CLANG_CXX_LANGUAGE_STANDARD = "gnu++0x";
				CLANG_CXX_LIBRARY = "libc++";
				CLANG_ENABLE_MODULES = YES;
				CLANG_ENABLE_OBJC_ARC = YES;
				CLANG_WARN_BOOL_CONVERSION = YES;
				CLANG_WARN_CONSTANT_CONVERSION = YES;
				CLANG_WARN_DIRECT_OBJC_ISA_USAGE = YES_ERROR;
				CLANG_WARN_EMPTY_BODY = YES;
				CLANG_WARN_ENUM_CONVERSION = YES;
				CLANG_WARN_INT_CONVERSION = YES;
				CLANG_WARN_OBJC_ROOT_CLASS = YES_ERROR;
				CLANG_WARN_UNREACHABLE_CODE = YES;
				CLANG_WARN__DUPLICATE_METHOD_MATCH = YES;
				"CODE_SIGN_IDENTITY[sdk=iphoneos*]" = "iPhone Developer";
				COPY_PHASE_STRIP = NO;
				DEBUG_INFORMATION_FORMAT = dwarf;
				ENABLE_STRICT_OBJC_MSGSEND = YES;
				ENABLE_TESTABILITY = YES;
				GCC_C_LANGUAGE_STANDARD = gnu99;
				GCC_DYNAMIC_NO_PIC = NO;
				GCC_NO_COMMON_BLOCKS = YES;
				GCC_OPTIMIZATION_LEVEL = 0;
				GCC_PREPROCESSOR_DEFINITIONS = (
					"DEBUG=1",
					"$(inherited)",
				);
				GCC_WARN_64_TO_32_BIT_CONVERSION = YES;
				GCC_WARN_ABOUT_RETURN_TYPE = YES_ERROR;
				GCC_WARN_UNDECLARED_SELECTOR = YES;
				GCC_WARN_UNINITIALIZED_AUTOS = YES_AGGRESSIVE;
				GCC_WARN_UNUSED_FUNCTION = YES;
				GCC_WARN_UNUSED_VARIABLE = YES;
				IPHONEOS_DEPLOYMENT_TARGET = 9.0;
				MTL_ENABLE_DEBUG_INFO = YES;
				ONLY_ACTIVE_ARCH = YES;
				SDKROOT = iphoneos;
				SWIFT_OPTIMIZATION_LEVEL = "-Onone";
				TARGETED_DEVICE_FAMILY = "1,2";
			};
			name = Debug;
		};
		626D237A1BBA696C0055D8FC /* Release */ = {
			isa = XCBuildConfiguration;
			buildSettings = {
				ALWAYS_SEARCH_USER_PATHS = NO;
				CLANG_CXX_LANGUAGE_STANDARD = "gnu++0x";
				CLANG_CXX_LIBRARY = "libc++";
				CLANG_ENABLE_MODULES = YES;
				CLANG_ENABLE_OBJC_ARC = YES;
				CLANG_WARN_BOOL_CONVERSION = YES;
				CLANG_WARN_CONSTANT_CONVERSION = YES;
				CLANG_WARN_DIRECT_OBJC_ISA_USAGE = YES_ERROR;
				CLANG_WARN_EMPTY_BODY = YES;
				CLANG_WARN_ENUM_CONVERSION = YES;
				CLANG_WARN_INT_CONVERSION = YES;
				CLANG_WARN_OBJC_ROOT_CLASS = YES_ERROR;
				CLANG_WARN_UNREACHABLE_CODE = YES;
				CLANG_WARN__DUPLICATE_METHOD_MATCH = YES;
				"CODE_SIGN_IDENTITY[sdk=iphoneos*]" = "iPhone Developer";
				COPY_PHASE_STRIP = NO;
				DEBUG_INFORMATION_FORMAT = "dwarf-with-dsym";
				ENABLE_NS_ASSERTIONS = NO;
				ENABLE_STRICT_OBJC_MSGSEND = YES;
				GCC_C_LANGUAGE_STANDARD = gnu99;
				GCC_NO_COMMON_BLOCKS = YES;
				GCC_WARN_64_TO_32_BIT_CONVERSION = YES;
				GCC_WARN_ABOUT_RETURN_TYPE = YES_ERROR;
				GCC_WARN_UNDECLARED_SELECTOR = YES;
				GCC_WARN_UNINITIALIZED_AUTOS = YES_AGGRESSIVE;
				GCC_WARN_UNUSED_FUNCTION = YES;
				GCC_WARN_UNUSED_VARIABLE = YES;
				IPHONEOS_DEPLOYMENT_TARGET = 9.0;
				MTL_ENABLE_DEBUG_INFO = NO;
				SDKROOT = iphoneos;
				TARGETED_DEVICE_FAMILY = "1,2";
				VALIDATE_PRODUCT = YES;
			};
			name = Release;
		};
		626D237C1BBA696C0055D8FC /* Debug */ = {
			isa = XCBuildConfiguration;
			baseConfigurationReference = A0D323FDE768EF7AD7A9CD42 /* Pods.debug.xcconfig */;
			buildSettings = {
				ASSETCATALOG_COMPILER_APPICON_NAME = AppIcon;
				CURRENT_PROJECT_VERSION = 1;
				INFOPLIST_FILE = Maintenance/Info.plist;
				LD_RUNPATH_SEARCH_PATHS = "$(inherited) @executable_path/Frameworks";
				PRODUCT_BUNDLE_IDENTIFIER = com.soaringbook.maintenance;
				PRODUCT_NAME = "$(TARGET_NAME)";
			};
			name = Debug;
		};
		626D237D1BBA696C0055D8FC /* Release */ = {
			isa = XCBuildConfiguration;
			baseConfigurationReference = 715AF96366F6ED140963E8C0 /* Pods.release.xcconfig */;
			buildSettings = {
				ASSETCATALOG_COMPILER_APPICON_NAME = AppIcon;
				CURRENT_PROJECT_VERSION = 1;
				INFOPLIST_FILE = Maintenance/Info.plist;
				LD_RUNPATH_SEARCH_PATHS = "$(inherited) @executable_path/Frameworks";
				PRODUCT_BUNDLE_IDENTIFIER = com.soaringbook.maintenance;
				PRODUCT_NAME = "$(TARGET_NAME)";
			};
			name = Release;
		};
		626D237F1BBA696C0055D8FC /* Debug */ = {
			isa = XCBuildConfiguration;
			buildSettings = {
				BUNDLE_LOADER = "$(TEST_HOST)";
				INFOPLIST_FILE = MaintenanceTests/Info.plist;
				LD_RUNPATH_SEARCH_PATHS = "$(inherited) @executable_path/Frameworks @loader_path/Frameworks";
				PRODUCT_BUNDLE_IDENTIFIER = com.soaringbook.MaintenanceTests;
				PRODUCT_NAME = "$(TARGET_NAME)";
				TEST_HOST = "$(BUILT_PRODUCTS_DIR)/Maintenance.app/Maintenance";
			};
			name = Debug;
		};
		626D23801BBA696C0055D8FC /* Release */ = {
			isa = XCBuildConfiguration;
			buildSettings = {
				BUNDLE_LOADER = "$(TEST_HOST)";
				INFOPLIST_FILE = MaintenanceTests/Info.plist;
				LD_RUNPATH_SEARCH_PATHS = "$(inherited) @executable_path/Frameworks @loader_path/Frameworks";
				PRODUCT_BUNDLE_IDENTIFIER = com.soaringbook.MaintenanceTests;
				PRODUCT_NAME = "$(TARGET_NAME)";
				TEST_HOST = "$(BUILT_PRODUCTS_DIR)/Maintenance.app/Maintenance";
			};
			name = Release;
		};
		626D23821BBA696C0055D8FC /* Debug */ = {
			isa = XCBuildConfiguration;
			buildSettings = {
				INFOPLIST_FILE = MaintenanceUITests/Info.plist;
				LD_RUNPATH_SEARCH_PATHS = "$(inherited) @executable_path/Frameworks @loader_path/Frameworks";
				PRODUCT_BUNDLE_IDENTIFIER = com.soaringbook.MaintenanceUITests;
				PRODUCT_NAME = "$(TARGET_NAME)";
				TEST_TARGET_NAME = Maintenance;
				USES_XCTRUNNER = YES;
			};
			name = Debug;
		};
		626D23831BBA696C0055D8FC /* Release */ = {
			isa = XCBuildConfiguration;
			buildSettings = {
				INFOPLIST_FILE = MaintenanceUITests/Info.plist;
				LD_RUNPATH_SEARCH_PATHS = "$(inherited) @executable_path/Frameworks @loader_path/Frameworks";
				PRODUCT_BUNDLE_IDENTIFIER = com.soaringbook.MaintenanceUITests;
				PRODUCT_NAME = "$(TARGET_NAME)";
				TEST_TARGET_NAME = Maintenance;
				USES_XCTRUNNER = YES;
			};
			name = Release;
		};
/* End XCBuildConfiguration section */

/* Begin XCConfigurationList section */
		626D234E1BBA696C0055D8FC /* Build configuration list for PBXProject "Maintenance" */ = {
			isa = XCConfigurationList;
			buildConfigurations = (
				626D23791BBA696C0055D8FC /* Debug */,
				626D237A1BBA696C0055D8FC /* Release */,
			);
			defaultConfigurationIsVisible = 0;
			defaultConfigurationName = Release;
		};
		626D237B1BBA696C0055D8FC /* Build configuration list for PBXNativeTarget "Maintenance" */ = {
			isa = XCConfigurationList;
			buildConfigurations = (
				626D237C1BBA696C0055D8FC /* Debug */,
				626D237D1BBA696C0055D8FC /* Release */,
			);
			defaultConfigurationIsVisible = 0;
			defaultConfigurationName = Release;
		};
		626D237E1BBA696C0055D8FC /* Build configuration list for PBXNativeTarget "MaintenanceTests" */ = {
			isa = XCConfigurationList;
			buildConfigurations = (
				626D237F1BBA696C0055D8FC /* Debug */,
				626D23801BBA696C0055D8FC /* Release */,
			);
			defaultConfigurationIsVisible = 0;
			defaultConfigurationName = Release;
		};
		626D23811BBA696C0055D8FC /* Build configuration list for PBXNativeTarget "MaintenanceUITests" */ = {
			isa = XCConfigurationList;
			buildConfigurations = (
				626D23821BBA696C0055D8FC /* Debug */,
				626D23831BBA696C0055D8FC /* Release */,
			);
			defaultConfigurationIsVisible = 0;
			defaultConfigurationName = Release;
		};
/* End XCConfigurationList section */
	};
	rootObject = 626D234B1BBA696C0055D8FC /* Project object */;
}
