// !$*UTF8*$!
{
	archiveVersion = 1;
	classes = {
	};
	objectVersion = 46;
	objects = {

/* Begin PBXBuildFile section */
		0456C55E1BF530CA00D87FB8 /* SBSyncService.swift in Sources */ = {isa = PBXBuildFile; fileRef = 0456C55D1BF530CA00D87FB8 /* SBSyncService.swift */; };
		0456C5611BF532A400D87FB8 /* SBDateFormatter.swift in Sources */ = {isa = PBXBuildFile; fileRef = 0456C5601BF532A400D87FB8 /* SBDateFormatter.swift */; };
		0456C5631BF543A800D87FB8 /* SettingsView.swift in Sources */ = {isa = PBXBuildFile; fileRef = 0456C5621BF543A800D87FB8 /* SettingsView.swift */; };
		047CE3021BF3635900ACF7E0 /* DashboardViewController.swift in Sources */ = {isa = PBXBuildFile; fileRef = 047CE3011BF3635900ACF7E0 /* DashboardViewController.swift */; };
		047CE3051BF363F900ACF7E0 /* DashboardButton.swift in Sources */ = {isa = PBXBuildFile; fileRef = 047CE3041BF363F900ACF7E0 /* DashboardButton.swift */; };
		047CE30B1BF3695C00ACF7E0 /* DashboardView.swift in Sources */ = {isa = PBXBuildFile; fileRef = 047CE30A1BF3695C00ACF7E0 /* DashboardView.swift */; };
		047CE30E1BF3776500ACF7E0 /* Settings.storyboard in Resources */ = {isa = PBXBuildFile; fileRef = 047CE30D1BF3776500ACF7E0 /* Settings.storyboard */; };
		04D04FA21BF3578300F33F1F /* LoginView.swift in Sources */ = {isa = PBXBuildFile; fileRef = 04D04F9F1BF3578300F33F1F /* LoginView.swift */; };
		04D04FA31BF3578300F33F1F /* LoginViewController.swift in Sources */ = {isa = PBXBuildFile; fileRef = 04D04FA01BF3578300F33F1F /* LoginViewController.swift */; };
		04D04FA71BF35CD100F33F1F /* Launch.storyboard in Resources */ = {isa = PBXBuildFile; fileRef = 04D04FA61BF35CD100F33F1F /* Launch.storyboard */; };
		04D04FA91BF35D6F00F33F1F /* UIWindow+Badge.swift in Sources */ = {isa = PBXBuildFile; fileRef = 04D04FA81BF35D6F00F33F1F /* UIWindow+Badge.swift */; };
		04EE42B91BF3D65E0022651C /* SettingsViewController.swift in Sources */ = {isa = PBXBuildFile; fileRef = 04EE42B81BF3D65E0022651C /* SettingsViewController.swift */; };
		04F34D871BF72582006EEC4A /* Winter.storyboard in Resources */ = {isa = PBXBuildFile; fileRef = 04F34D861BF72582006EEC4A /* Winter.storyboard */; };
		04F34D891BF72668006EEC4A /* WinterViewController.swift in Sources */ = {isa = PBXBuildFile; fileRef = 04F34D881BF72667006EEC4A /* WinterViewController.swift */; };
		620D3FF81BBA94F300751D86 /* SBWebService+Pilots.swift in Sources */ = {isa = PBXBuildFile; fileRef = 620D3FF71BBA94F300751D86 /* SBWebService+Pilots.swift */; };
		622D75111BBABE8D00D8949F /* BottomBorderTextField.swift in Sources */ = {isa = PBXBuildFile; fileRef = 622D75101BBABE8D00D8949F /* BottomBorderTextField.swift */; };
		623728A71BBEC8CB00948D0D /* UIColor+Palette.swift in Sources */ = {isa = PBXBuildFile; fileRef = 623728A61BBEC8CB00948D0D /* UIColor+Palette.swift */; };
		623728AB1BBECBB500948D0D /* Pilot.swift in Sources */ = {isa = PBXBuildFile; fileRef = 623728AA1BBECBB500948D0D /* Pilot.swift */; };
		626D23571BBA696C0055D8FC /* AppDelegate.swift in Sources */ = {isa = PBXBuildFile; fileRef = 626D23561BBA696C0055D8FC /* AppDelegate.swift */; };
		626D23871BBA69B50055D8FC /* Images.xcassets in Resources */ = {isa = PBXBuildFile; fileRef = 626D23861BBA69B50055D8FC /* Images.xcassets */; };
		626D23891BBA69C20055D8FC /* Launch Screen.storyboard in Resources */ = {isa = PBXBuildFile; fileRef = 626D23881BBA69C20055D8FC /* Launch Screen.storyboard */; };
		626D23931BBA72690055D8FC /* SBWebService.swift in Sources */ = {isa = PBXBuildFile; fileRef = 626D23921BBA72690055D8FC /* SBWebService.swift */; };
		626D23951BBA73200055D8FC /* SBConfiguration.swift in Sources */ = {isa = PBXBuildFile; fileRef = 626D23941BBA73200055D8FC /* SBConfiguration.swift */; };
		626D23971BBA7E290055D8FC /* SBKeychain.swift in Sources */ = {isa = PBXBuildFile; fileRef = 626D23961BBA7E290055D8FC /* SBKeychain.swift */; };
		626D239E1BBA8D640055D8FC /* UIAlertController+Errors.swift in Sources */ = {isa = PBXBuildFile; fileRef = 626D239D1BBA8D640055D8FC /* UIAlertController+Errors.swift */; };
		626D23A01BBA8F200055D8FC /* CommonMacros.swift in Sources */ = {isa = PBXBuildFile; fileRef = 626D239F1BBA8F200055D8FC /* CommonMacros.swift */; };
		62F1F3B41BBC1DFF001FF957 /* NSError+Custom.swift in Sources */ = {isa = PBXBuildFile; fileRef = 62F1F3B31BBC1DFF001FF957 /* NSError+Custom.swift */; };
		A9DC59F91BA47B078BBE4B10 /* Pods.framework in Frameworks */ = {isa = PBXBuildFile; fileRef = AC19AA8EFBEA7923232DB0EF /* Pods.framework */; };
/* End PBXBuildFile section */

/* Begin PBXCopyFilesBuildPhase section */
		62F1F3AD1BBC074C001FF957 /* Embed Frameworks */ = {
			isa = PBXCopyFilesBuildPhase;
			buildActionMask = 2147483647;
			dstPath = "";
			dstSubfolderSpec = 10;
			files = (
			);
			name = "Embed Frameworks";
			runOnlyForDeploymentPostprocessing = 0;
		};
/* End PBXCopyFilesBuildPhase section */

/* Begin PBXFileReference section */
		0456C55D1BF530CA00D87FB8 /* SBSyncService.swift */ = {isa = PBXFileReference; fileEncoding = 4; lastKnownFileType = sourcecode.swift; path = SBSyncService.swift; sourceTree = "<group>"; };
		0456C5601BF532A400D87FB8 /* SBDateFormatter.swift */ = {isa = PBXFileReference; fileEncoding = 4; lastKnownFileType = sourcecode.swift; path = SBDateFormatter.swift; sourceTree = "<group>"; };
		0456C5621BF543A800D87FB8 /* SettingsView.swift */ = {isa = PBXFileReference; fileEncoding = 4; lastKnownFileType = sourcecode.swift; path = SettingsView.swift; sourceTree = "<group>"; };
		047CE3011BF3635900ACF7E0 /* DashboardViewController.swift */ = {isa = PBXFileReference; fileEncoding = 4; lastKnownFileType = sourcecode.swift; path = DashboardViewController.swift; sourceTree = "<group>"; };
		047CE3041BF363F900ACF7E0 /* DashboardButton.swift */ = {isa = PBXFileReference; fileEncoding = 4; lastKnownFileType = sourcecode.swift; path = DashboardButton.swift; sourceTree = "<group>"; };
		047CE30A1BF3695C00ACF7E0 /* DashboardView.swift */ = {isa = PBXFileReference; fileEncoding = 4; lastKnownFileType = sourcecode.swift; path = DashboardView.swift; sourceTree = "<group>"; };
		047CE30D1BF3776500ACF7E0 /* Settings.storyboard */ = {isa = PBXFileReference; fileEncoding = 4; lastKnownFileType = file.storyboard; path = Settings.storyboard; sourceTree = "<group>"; };
		04D04F9F1BF3578300F33F1F /* LoginView.swift */ = {isa = PBXFileReference; fileEncoding = 4; lastKnownFileType = sourcecode.swift; path = LoginView.swift; sourceTree = "<group>"; };
		04D04FA01BF3578300F33F1F /* LoginViewController.swift */ = {isa = PBXFileReference; fileEncoding = 4; lastKnownFileType = sourcecode.swift; path = LoginViewController.swift; sourceTree = "<group>"; };
		04D04FA61BF35CD100F33F1F /* Launch.storyboard */ = {isa = PBXFileReference; fileEncoding = 4; lastKnownFileType = file.storyboard; path = Launch.storyboard; sourceTree = "<group>"; };
		04D04FA81BF35D6F00F33F1F /* UIWindow+Badge.swift */ = {isa = PBXFileReference; fileEncoding = 4; lastKnownFileType = sourcecode.swift; path = "UIWindow+Badge.swift"; sourceTree = "<group>"; };
		04D04FAB1BF35E4F00F33F1F /* Debug.xcconfig */ = {isa = PBXFileReference; lastKnownFileType = text.xcconfig; path = Debug.xcconfig; sourceTree = "<group>"; };
		04D04FAC1BF35E9E00F33F1F /* Release.xcconfig */ = {isa = PBXFileReference; lastKnownFileType = text.xcconfig; path = Release.xcconfig; sourceTree = "<group>"; };
		04EE42B81BF3D65E0022651C /* SettingsViewController.swift */ = {isa = PBXFileReference; fileEncoding = 4; lastKnownFileType = sourcecode.swift; path = SettingsViewController.swift; sourceTree = "<group>"; };
		04F34D861BF72582006EEC4A /* Winter.storyboard */ = {isa = PBXFileReference; fileEncoding = 4; lastKnownFileType = file.storyboard; path = Winter.storyboard; sourceTree = "<group>"; };
		04F34D881BF72667006EEC4A /* WinterViewController.swift */ = {isa = PBXFileReference; fileEncoding = 4; lastKnownFileType = sourcecode.swift; path = WinterViewController.swift; sourceTree = "<group>"; };
		620D3FF71BBA94F300751D86 /* SBWebService+Pilots.swift */ = {isa = PBXFileReference; fileEncoding = 4; lastKnownFileType = sourcecode.swift; path = "SBWebService+Pilots.swift"; sourceTree = "<group>"; };
		622D75101BBABE8D00D8949F /* BottomBorderTextField.swift */ = {isa = PBXFileReference; fileEncoding = 4; lastKnownFileType = sourcecode.swift; path = BottomBorderTextField.swift; sourceTree = "<group>"; };
		623728A61BBEC8CB00948D0D /* UIColor+Palette.swift */ = {isa = PBXFileReference; fileEncoding = 4; lastKnownFileType = sourcecode.swift; path = "UIColor+Palette.swift"; sourceTree = "<group>"; };
		623728AA1BBECBB500948D0D /* Pilot.swift */ = {isa = PBXFileReference; fileEncoding = 4; lastKnownFileType = sourcecode.swift; path = Pilot.swift; sourceTree = "<group>"; };
		626D23531BBA696C0055D8FC /* Runway.app */ = {isa = PBXFileReference; explicitFileType = wrapper.application; includeInIndex = 0; path = Runway.app; sourceTree = BUILT_PRODUCTS_DIR; };
		626D23561BBA696C0055D8FC /* AppDelegate.swift */ = {isa = PBXFileReference; lastKnownFileType = sourcecode.swift; path = AppDelegate.swift; sourceTree = "<group>"; };
		626D23621BBA696C0055D8FC /* Info.plist */ = {isa = PBXFileReference; lastKnownFileType = text.plist.xml; path = Info.plist; sourceTree = "<group>"; };
		626D23861BBA69B50055D8FC /* Images.xcassets */ = {isa = PBXFileReference; lastKnownFileType = folder.assetcatalog; path = Images.xcassets; sourceTree = "<group>"; };
		626D23881BBA69C20055D8FC /* Launch Screen.storyboard */ = {isa = PBXFileReference; fileEncoding = 4; lastKnownFileType = file.storyboard; path = "Launch Screen.storyboard"; sourceTree = "<group>"; };
		626D23921BBA72690055D8FC /* SBWebService.swift */ = {isa = PBXFileReference; fileEncoding = 4; lastKnownFileType = sourcecode.swift; path = SBWebService.swift; sourceTree = "<group>"; };
		626D23941BBA73200055D8FC /* SBConfiguration.swift */ = {isa = PBXFileReference; fileEncoding = 4; lastKnownFileType = sourcecode.swift; path = SBConfiguration.swift; sourceTree = "<group>"; };
		626D23961BBA7E290055D8FC /* SBKeychain.swift */ = {isa = PBXFileReference; fileEncoding = 4; lastKnownFileType = sourcecode.swift; path = SBKeychain.swift; sourceTree = "<group>"; };
		626D239D1BBA8D640055D8FC /* UIAlertController+Errors.swift */ = {isa = PBXFileReference; fileEncoding = 4; lastKnownFileType = sourcecode.swift; path = "UIAlertController+Errors.swift"; sourceTree = "<group>"; };
		626D239F1BBA8F200055D8FC /* CommonMacros.swift */ = {isa = PBXFileReference; fileEncoding = 4; lastKnownFileType = sourcecode.swift; path = CommonMacros.swift; sourceTree = "<group>"; };
		62F1F3B31BBC1DFF001FF957 /* NSError+Custom.swift */ = {isa = PBXFileReference; fileEncoding = 4; lastKnownFileType = sourcecode.swift; path = "NSError+Custom.swift"; sourceTree = "<group>"; };
		715AF96366F6ED140963E8C0 /* Pods.release.xcconfig */ = {isa = PBXFileReference; includeInIndex = 1; lastKnownFileType = text.xcconfig; name = Pods.release.xcconfig; path = "Pods/Target Support Files/Pods/Pods.release.xcconfig"; sourceTree = "<group>"; };
		A0D323FDE768EF7AD7A9CD42 /* Pods.debug.xcconfig */ = {isa = PBXFileReference; includeInIndex = 1; lastKnownFileType = text.xcconfig; name = Pods.debug.xcconfig; path = "Pods/Target Support Files/Pods/Pods.debug.xcconfig"; sourceTree = "<group>"; };
		AC19AA8EFBEA7923232DB0EF /* Pods.framework */ = {isa = PBXFileReference; explicitFileType = wrapper.framework; includeInIndex = 0; path = Pods.framework; sourceTree = BUILT_PRODUCTS_DIR; };
/* End PBXFileReference section */

/* Begin PBXFrameworksBuildPhase section */
		626D23501BBA696C0055D8FC /* Frameworks */ = {
			isa = PBXFrameworksBuildPhase;
			buildActionMask = 2147483647;
			files = (
				A9DC59F91BA47B078BBE4B10 /* Pods.framework in Frameworks */,
			);
			runOnlyForDeploymentPostprocessing = 0;
		};
/* End PBXFrameworksBuildPhase section */

/* Begin PBXGroup section */
		00D9145E98BCAC1F7C60EA90 /* Frameworks */ = {
			isa = PBXGroup;
			children = (
				AC19AA8EFBEA7923232DB0EF /* Pods.framework */,
			);
			name = Frameworks;
			sourceTree = "<group>";
		};
		0456C55F1BF5328B00D87FB8 /* Formatters */ = {
			isa = PBXGroup;
			children = (
				0456C5601BF532A400D87FB8 /* SBDateFormatter.swift */,
			);
			path = Formatters;
			sourceTree = "<group>";
		};
		047CE3001BF3634C00ACF7E0 /* Dashboard */ = {
			isa = PBXGroup;
			children = (
				047CE30A1BF3695C00ACF7E0 /* DashboardView.swift */,
				047CE3011BF3635900ACF7E0 /* DashboardViewController.swift */,
			);
			path = Dashboard;
			sourceTree = "<group>";
		};
		047CE3031BF363E700ACF7E0 /* Buttons */ = {
			isa = PBXGroup;
			children = (
				047CE3041BF363F900ACF7E0 /* DashboardButton.swift */,
			);
			path = Buttons;
			sourceTree = "<group>";
		};
		047CE30C1BF3743300ACF7E0 /* Settings */ = {
			isa = PBXGroup;
			children = (
				047CE30D1BF3776500ACF7E0 /* Settings.storyboard */,
				0456C5621BF543A800D87FB8 /* SettingsView.swift */,
				04EE42B81BF3D65E0022651C /* SettingsViewController.swift */,
			);
			path = Settings;
			sourceTree = "<group>";
		};
		04D04F9C1BF3578300F33F1F /* Launch */ = {
			isa = PBXGroup;
			children = (
				047CE3001BF3634C00ACF7E0 /* Dashboard */,
				04D04FA61BF35CD100F33F1F /* Launch.storyboard */,
				04D04F9D1BF3578300F33F1F /* Login */,
			);
			path = Launch;
			sourceTree = "<group>";
		};
		04D04F9D1BF3578300F33F1F /* Login */ = {
			isa = PBXGroup;
			children = (
				04D04F9F1BF3578300F33F1F /* LoginView.swift */,
				04D04FA01BF3578300F33F1F /* LoginViewController.swift */,
			);
			path = Login;
			sourceTree = "<group>";
		};
		04D04FAA1BF35E4500F33F1F /* Configurations */ = {
			isa = PBXGroup;
			children = (
				04D04FAB1BF35E4F00F33F1F /* Debug.xcconfig */,
				04D04FAC1BF35E9E00F33F1F /* Release.xcconfig */,
			);
			path = Configurations;
			sourceTree = "<group>";
		};
		04F34D851BF72576006EEC4A /* Winter */ = {
			isa = PBXGroup;
			children = (
				04F34D861BF72582006EEC4A /* Winter.storyboard */,
				04F34D881BF72667006EEC4A /* WinterViewController.swift */,
			);
			path = Winter;
			sourceTree = "<group>";
		};
		0849EF3C681534567BD45BB6 /* Pods */ = {
			isa = PBXGroup;
			children = (
				A0D323FDE768EF7AD7A9CD42 /* Pods.debug.xcconfig */,
				715AF96366F6ED140963E8C0 /* Pods.release.xcconfig */,
			);
			name = Pods;
			sourceTree = "<group>";
		};
		622D750C1BBABE7400D8949F /* Views */ = {
			isa = PBXGroup;
			children = (
				047CE3031BF363E700ACF7E0 /* Buttons */,
				622D750D1BBABE7400D8949F /* TextFields */,
			);
			path = Views;
			sourceTree = "<group>";
		};
		622D750D1BBABE7400D8949F /* TextFields */ = {
			isa = PBXGroup;
			children = (
				622D75101BBABE8D00D8949F /* BottomBorderTextField.swift */,
			);
			path = TextFields;
			sourceTree = "<group>";
		};
		623728A81BBECB9B00948D0D /* Models */ = {
			isa = PBXGroup;
			children = (
				623728AA1BBECBB500948D0D /* Pilot.swift */,
			);
			path = Models;
			sourceTree = "<group>";
		};
		623728A91BBECBA500948D0D /* Support */ = {
			isa = PBXGroup;
			children = (
				04D04FAA1BF35E4500F33F1F /* Configurations */,
				626D23621BBA696C0055D8FC /* Info.plist */,
			);
			name = Support;
			sourceTree = "<group>";
		};
		626D234A1BBA696C0055D8FC = {
			isa = PBXGroup;
			children = (
				626D23551BBA696C0055D8FC /* Runway */,
				626D23541BBA696C0055D8FC /* Products */,
				0849EF3C681534567BD45BB6 /* Pods */,
				00D9145E98BCAC1F7C60EA90 /* Frameworks */,
			);
			sourceTree = "<group>";
		};
		626D23541BBA696C0055D8FC /* Products */ = {
			isa = PBXGroup;
			children = (
				626D23531BBA696C0055D8FC /* Runway.app */,
			);
			name = Products;
			sourceTree = "<group>";
		};
		626D23551BBA696C0055D8FC /* Runway */ = {
			isa = PBXGroup;
			children = (
				626D23561BBA696C0055D8FC /* AppDelegate.swift */,
				626D239B1BBA8D510055D8FC /* Components */,
				623728A81BBECB9B00948D0D /* Models */,
				626D23841BBA69A90055D8FC /* Modules */,
				626D23911BBA72350055D8FC /* Services */,
				623728A91BBECBA500948D0D /* Support */,
				626D23851BBA69A90055D8FC /* UI */,
			);
			path = Runway;
			sourceTree = "<group>";
		};
		626D23841BBA69A90055D8FC /* Modules */ = {
			isa = PBXGroup;
			children = (
				04D04F9C1BF3578300F33F1F /* Launch */,
				047CE30C1BF3743300ACF7E0 /* Settings */,
				04F34D851BF72576006EEC4A /* Winter */,
			);
			path = Modules;
			sourceTree = "<group>";
		};
		626D23851BBA69A90055D8FC /* UI */ = {
			isa = PBXGroup;
			children = (
				626D23861BBA69B50055D8FC /* Images.xcassets */,
				626D23881BBA69C20055D8FC /* Launch Screen.storyboard */,
			);
			path = UI;
			sourceTree = "<group>";
		};
		626D23911BBA72350055D8FC /* Services */ = {
			isa = PBXGroup;
			children = (
				626D23941BBA73200055D8FC /* SBConfiguration.swift */,
				626D23961BBA7E290055D8FC /* SBKeychain.swift */,
				0456C55D1BF530CA00D87FB8 /* SBSyncService.swift */,
				626D23921BBA72690055D8FC /* SBWebService.swift */,
				620D3FF71BBA94F300751D86 /* SBWebService+Pilots.swift */,
			);
			path = Services;
			sourceTree = "<group>";
		};
		626D239B1BBA8D510055D8FC /* Components */ = {
			isa = PBXGroup;
			children = (
				626D239F1BBA8F200055D8FC /* CommonMacros.swift */,
				626D239C1BBA8D510055D8FC /* Controllers */,
				62F1F3B21BBC1DF2001FF957 /* Extensions */,
				0456C55F1BF5328B00D87FB8 /* Formatters */,
				622D750C1BBABE7400D8949F /* Views */,
			);
			path = Components;
			sourceTree = "<group>";
		};
		626D239C1BBA8D510055D8FC /* Controllers */ = {
			isa = PBXGroup;
			children = (
				626D239D1BBA8D640055D8FC /* UIAlertController+Errors.swift */,
			);
			path = Controllers;
			sourceTree = "<group>";
		};
		62F1F3B21BBC1DF2001FF957 /* Extensions */ = {
			isa = PBXGroup;
			children = (
				62F1F3B31BBC1DFF001FF957 /* NSError+Custom.swift */,
				623728A61BBEC8CB00948D0D /* UIColor+Palette.swift */,
				04D04FA81BF35D6F00F33F1F /* UIWindow+Badge.swift */,
			);
			path = Extensions;
			sourceTree = "<group>";
		};
/* End PBXGroup section */

/* Begin PBXNativeTarget section */
		626D23521BBA696C0055D8FC /* Runway */ = {
			isa = PBXNativeTarget;
			buildConfigurationList = 626D237B1BBA696C0055D8FC /* Build configuration list for PBXNativeTarget "Runway" */;
			buildPhases = (
				77FFAE9F368C61C3D4194549 /* Check Pods Manifest.lock */,
				626D234F1BBA696C0055D8FC /* Sources */,
				626D23501BBA696C0055D8FC /* Frameworks */,
				626D23511BBA696C0055D8FC /* Resources */,
				F3DE284F1FBF3EE700B64129 /* Embed Pods Frameworks */,
				567A562B201D2C9B0AABB5DC /* Copy Pods Resources */,
				62F1F3AD1BBC074C001FF957 /* Embed Frameworks */,
				626D239A1BBA859F0055D8FC /* Load environment variables */,
			);
			buildRules = (
			);
			dependencies = (
			);
			name = Runway;
			productName = Maintenance;
			productReference = 626D23531BBA696C0055D8FC /* Runway.app */;
			productType = "com.apple.product-type.application";
		};
/* End PBXNativeTarget section */

/* Begin PBXProject section */
		626D234B1BBA696C0055D8FC /* Project object */ = {
			isa = PBXProject;
			attributes = {
				LastUpgradeCheck = 0700;
				ORGANIZATIONNAME = "Soaring Book";
				TargetAttributes = {
					626D23521BBA696C0055D8FC = {
						CreatedOnToolsVersion = 7.0.1;
						DevelopmentTeam = 743AM63YFU;
					};
				};
			};
			buildConfigurationList = 626D234E1BBA696C0055D8FC /* Build configuration list for PBXProject "Runway" */;
			compatibilityVersion = "Xcode 3.2";
			developmentRegion = English;
			hasScannedForEncodings = 0;
			knownRegions = (
				en,
				Base,
			);
			mainGroup = 626D234A1BBA696C0055D8FC;
			productRefGroup = 626D23541BBA696C0055D8FC /* Products */;
			projectDirPath = "";
			projectRoot = "";
			targets = (
				626D23521BBA696C0055D8FC /* Runway */,
			);
		};
/* End PBXProject section */

/* Begin PBXResourcesBuildPhase section */
		626D23511BBA696C0055D8FC /* Resources */ = {
			isa = PBXResourcesBuildPhase;
			buildActionMask = 2147483647;
			files = (
				04D04FA71BF35CD100F33F1F /* Launch.storyboard in Resources */,
				626D23891BBA69C20055D8FC /* Launch Screen.storyboard in Resources */,
				626D23871BBA69B50055D8FC /* Images.xcassets in Resources */,
				047CE30E1BF3776500ACF7E0 /* Settings.storyboard in Resources */,
				04F34D871BF72582006EEC4A /* Winter.storyboard in Resources */,
			);
			runOnlyForDeploymentPostprocessing = 0;
		};
/* End PBXResourcesBuildPhase section */

/* Begin PBXShellScriptBuildPhase section */
		567A562B201D2C9B0AABB5DC /* Copy Pods Resources */ = {
			isa = PBXShellScriptBuildPhase;
			buildActionMask = 2147483647;
			files = (
			);
			inputPaths = (
			);
			name = "Copy Pods Resources";
			outputPaths = (
			);
			runOnlyForDeploymentPostprocessing = 0;
			shellPath = /bin/sh;
			shellScript = "\"${SRCROOT}/Pods/Target Support Files/Pods/Pods-resources.sh\"\n";
			showEnvVarsInLog = 0;
		};
		626D239A1BBA859F0055D8FC /* Load environment variables */ = {
			isa = PBXShellScriptBuildPhase;
			buildActionMask = 2147483647;
			files = (
			);
			inputPaths = (
			);
			name = "Load environment variables";
			outputPaths = (
			);
			runOnlyForDeploymentPostprocessing = 0;
			shellPath = /bin/sh;
			shellScript = ./scripts/load_env.rb;
		};
		77FFAE9F368C61C3D4194549 /* Check Pods Manifest.lock */ = {
			isa = PBXShellScriptBuildPhase;
			buildActionMask = 2147483647;
			files = (
			);
			inputPaths = (
			);
			name = "Check Pods Manifest.lock";
			outputPaths = (
			);
			runOnlyForDeploymentPostprocessing = 0;
			shellPath = /bin/sh;
			shellScript = "diff \"${PODS_ROOT}/../Podfile.lock\" \"${PODS_ROOT}/Manifest.lock\" > /dev/null\nif [[ $? != 0 ]] ; then\n    cat << EOM\nerror: The sandbox is not in sync with the Podfile.lock. Run 'pod install' or update your CocoaPods installation.\nEOM\n    exit 1\nfi\n";
			showEnvVarsInLog = 0;
		};
		F3DE284F1FBF3EE700B64129 /* Embed Pods Frameworks */ = {
			isa = PBXShellScriptBuildPhase;
			buildActionMask = 2147483647;
			files = (
			);
			inputPaths = (
			);
			name = "Embed Pods Frameworks";
			outputPaths = (
			);
			runOnlyForDeploymentPostprocessing = 0;
			shellPath = /bin/sh;
			shellScript = "\"${SRCROOT}/Pods/Target Support Files/Pods/Pods-frameworks.sh\"\n";
			showEnvVarsInLog = 0;
		};
/* End PBXShellScriptBuildPhase section */

/* Begin PBXSourcesBuildPhase section */
		626D234F1BBA696C0055D8FC /* Sources */ = {
			isa = PBXSourcesBuildPhase;
			buildActionMask = 2147483647;
			files = (
				0456C5631BF543A800D87FB8 /* SettingsView.swift in Sources */,
				62F1F3B41BBC1DFF001FF957 /* NSError+Custom.swift in Sources */,
				0456C55E1BF530CA00D87FB8 /* SBSyncService.swift in Sources */,
				622D75111BBABE8D00D8949F /* BottomBorderTextField.swift in Sources */,
				047CE3051BF363F900ACF7E0 /* DashboardButton.swift in Sources */,
				04F34D891BF72668006EEC4A /* WinterViewController.swift in Sources */,
				626D23931BBA72690055D8FC /* SBWebService.swift in Sources */,
				04D04FA91BF35D6F00F33F1F /* UIWindow+Badge.swift in Sources */,
				04D04FA31BF3578300F33F1F /* LoginViewController.swift in Sources */,
				626D23951BBA73200055D8FC /* SBConfiguration.swift in Sources */,
				623728AB1BBECBB500948D0D /* Pilot.swift in Sources */,
				626D23971BBA7E290055D8FC /* SBKeychain.swift in Sources */,
				623728A71BBEC8CB00948D0D /* UIColor+Palette.swift in Sources */,
				04EE42B91BF3D65E0022651C /* SettingsViewController.swift in Sources */,
				04D04FA21BF3578300F33F1F /* LoginView.swift in Sources */,
				620D3FF81BBA94F300751D86 /* SBWebService+Pilots.swift in Sources */,
				626D23571BBA696C0055D8FC /* AppDelegate.swift in Sources */,
				0456C5611BF532A400D87FB8 /* SBDateFormatter.swift in Sources */,
				626D23A01BBA8F200055D8FC /* CommonMacros.swift in Sources */,
				626D239E1BBA8D640055D8FC /* UIAlertController+Errors.swift in Sources */,
				047CE30B1BF3695C00ACF7E0 /* DashboardView.swift in Sources */,
				047CE3021BF3635900ACF7E0 /* DashboardViewController.swift in Sources */,
			);
			runOnlyForDeploymentPostprocessing = 0;
		};
/* End PBXSourcesBuildPhase section */

/* Begin XCBuildConfiguration section */
		626D23791BBA696C0055D8FC /* Debug */ = {
			isa = XCBuildConfiguration;
			baseConfigurationReference = 04D04FAB1BF35E4F00F33F1F /* Debug.xcconfig */;
			buildSettings = {
				ALWAYS_SEARCH_USER_PATHS = NO;
				CLANG_CXX_LANGUAGE_STANDARD = "gnu++0x";
				CLANG_CXX_LIBRARY = "libc++";
				CLANG_ENABLE_MODULES = YES;
				CLANG_ENABLE_OBJC_ARC = YES;
				CLANG_WARN_BOOL_CONVERSION = YES;
				CLANG_WARN_CONSTANT_CONVERSION = YES;
				CLANG_WARN_DIRECT_OBJC_ISA_USAGE = YES_ERROR;
				CLANG_WARN_EMPTY_BODY = YES;
				CLANG_WARN_ENUM_CONVERSION = YES;
				CLANG_WARN_INT_CONVERSION = YES;
				CLANG_WARN_OBJC_ROOT_CLASS = YES_ERROR;
				CLANG_WARN_UNREACHABLE_CODE = YES;
				CLANG_WARN__DUPLICATE_METHOD_MATCH = YES;
				"CODE_SIGN_IDENTITY[sdk=iphoneos*]" = "iPhone Developer";
				COPY_PHASE_STRIP = NO;
				DEBUG_INFORMATION_FORMAT = dwarf;
				ENABLE_STRICT_OBJC_MSGSEND = YES;
				ENABLE_TESTABILITY = YES;
				GCC_C_LANGUAGE_STANDARD = gnu99;
				GCC_DYNAMIC_NO_PIC = NO;
				GCC_NO_COMMON_BLOCKS = YES;
				GCC_OPTIMIZATION_LEVEL = 0;
				GCC_PREPROCESSOR_DEFINITIONS = (
					"DEBUG=1",
					"$(inherited)",
				);
				GCC_WARN_64_TO_32_BIT_CONVERSION = YES;
				GCC_WARN_ABOUT_RETURN_TYPE = YES_ERROR;
				GCC_WARN_UNDECLARED_SELECTOR = YES;
				GCC_WARN_UNINITIALIZED_AUTOS = YES_AGGRESSIVE;
				GCC_WARN_UNUSED_FUNCTION = YES;
				GCC_WARN_UNUSED_VARIABLE = YES;
				IPHONEOS_DEPLOYMENT_TARGET = 9.0;
				MTL_ENABLE_DEBUG_INFO = YES;
				ONLY_ACTIVE_ARCH = YES;
				SDKROOT = iphoneos;
				SWIFT_OPTIMIZATION_LEVEL = "-Onone";
				TARGETED_DEVICE_FAMILY = "1,2";
			};
			name = Debug;
		};
		626D237A1BBA696C0055D8FC /* Release */ = {
			isa = XCBuildConfiguration;
			baseConfigurationReference = 04D04FAC1BF35E9E00F33F1F /* Release.xcconfig */;
			buildSettings = {
				ALWAYS_SEARCH_USER_PATHS = NO;
				CLANG_CXX_LANGUAGE_STANDARD = "gnu++0x";
				CLANG_CXX_LIBRARY = "libc++";
				CLANG_ENABLE_MODULES = YES;
				CLANG_ENABLE_OBJC_ARC = YES;
				CLANG_WARN_BOOL_CONVERSION = YES;
				CLANG_WARN_CONSTANT_CONVERSION = YES;
				CLANG_WARN_DIRECT_OBJC_ISA_USAGE = YES_ERROR;
				CLANG_WARN_EMPTY_BODY = YES;
				CLANG_WARN_ENUM_CONVERSION = YES;
				CLANG_WARN_INT_CONVERSION = YES;
				CLANG_WARN_OBJC_ROOT_CLASS = YES_ERROR;
				CLANG_WARN_UNREACHABLE_CODE = YES;
				CLANG_WARN__DUPLICATE_METHOD_MATCH = YES;
				"CODE_SIGN_IDENTITY[sdk=iphoneos*]" = "iPhone Developer";
				COPY_PHASE_STRIP = NO;
				DEBUG_INFORMATION_FORMAT = "dwarf-with-dsym";
				ENABLE_NS_ASSERTIONS = NO;
				ENABLE_STRICT_OBJC_MSGSEND = YES;
				GCC_C_LANGUAGE_STANDARD = gnu99;
				GCC_NO_COMMON_BLOCKS = YES;
				GCC_WARN_64_TO_32_BIT_CONVERSION = YES;
				GCC_WARN_ABOUT_RETURN_TYPE = YES_ERROR;
				GCC_WARN_UNDECLARED_SELECTOR = YES;
				GCC_WARN_UNINITIALIZED_AUTOS = YES_AGGRESSIVE;
				GCC_WARN_UNUSED_FUNCTION = YES;
				GCC_WARN_UNUSED_VARIABLE = YES;
				IPHONEOS_DEPLOYMENT_TARGET = 9.0;
				MTL_ENABLE_DEBUG_INFO = NO;
				SDKROOT = iphoneos;
				TARGETED_DEVICE_FAMILY = "1,2";
				VALIDATE_PRODUCT = YES;
			};
			name = Release;
		};
		626D237C1BBA696C0055D8FC /* Debug */ = {
			isa = XCBuildConfiguration;
			baseConfigurationReference = A0D323FDE768EF7AD7A9CD42 /* Pods.debug.xcconfig */;
			buildSettings = {
				ASSETCATALOG_COMPILER_APPICON_NAME = AppIcon;
				BADGE_IMAGE_NAME = "Badge$(BADGE_IMAGE_NAME)";
				CODE_SIGN_IDENTITY = "iPhone Developer";
				CURRENT_PROJECT_VERSION = 15;
				INFOPLIST_FILE = Runway/Info.plist;
				LD_RUNPATH_SEARCH_PATHS = "$(inherited) @executable_path/Frameworks";
				PRODUCT_NAME = Runway;
				TARGETED_DEVICE_FAMILY = 2;
			};
			name = Debug;
		};
		626D237D1BBA696C0055D8FC /* Release */ = {
			isa = XCBuildConfiguration;
			baseConfigurationReference = 715AF96366F6ED140963E8C0 /* Pods.release.xcconfig */;
			buildSettings = {
				ASSETCATALOG_COMPILER_APPICON_NAME = AppIcon;
				BADGE_IMAGE_NAME = "Badge$(BADGE_IMAGE_NAME)";
				CODE_SIGN_IDENTITY = "iPhone Distribution: Jelle Vandebeeck (743AM63YFU)";
				"CODE_SIGN_IDENTITY[sdk=iphoneos*]" = "iPhone Distribution: Jelle Vandebeeck (743AM63YFU)";
				CURRENT_PROJECT_VERSION = 15;
				INFOPLIST_FILE = Runway/Info.plist;
				LD_RUNPATH_SEARCH_PATHS = "$(inherited) @executable_path/Frameworks";
				PRODUCT_NAME = Runway;
				PROVISIONING_PROFILE = "b5a7e235-baf5-4050-8db2-0f4879ebec60";
				TARGETED_DEVICE_FAMILY = 2;
			};
			name = Release;
		};
/* End XCBuildConfiguration section */

/* Begin XCConfigurationList section */
		626D234E1BBA696C0055D8FC /* Build configuration list for PBXProject "Runway" */ = {
			isa = XCConfigurationList;
			buildConfigurations = (
				626D23791BBA696C0055D8FC /* Debug */,
				626D237A1BBA696C0055D8FC /* Release */,
			);
			defaultConfigurationIsVisible = 0;
			defaultConfigurationName = Release;
		};
		626D237B1BBA696C0055D8FC /* Build configuration list for PBXNativeTarget "Runway" */ = {
			isa = XCConfigurationList;
			buildConfigurations = (
				626D237C1BBA696C0055D8FC /* Debug */,
				626D237D1BBA696C0055D8FC /* Release */,
			);
			defaultConfigurationIsVisible = 0;
			defaultConfigurationName = Release;
		};
/* End XCConfigurationList section */
	};
	rootObject = 626D234B1BBA696C0055D8FC /* Project object */;
}
